
Microsoft Visual Studio Solution File, Format Version 12.00
# Visual Studio Version 17
VisualStudioVersion = 17.4.33213.308
MinimumVisualStudioVersion = 10.0.40219.1
Project("{54A90642-561A-4BB1-A94E-469ADEE60C69}") = "libraryfrontend", "LibraryFrontEnd\libraryfrontend.esproj", "{1F51E84D-A99F-45A4-85C3-1D46035BE8B4}"
EndProject
Project("{9A19103F-16F7-4668-BE54-9A1E7A4F7556}") = "LibraryBackEnd", "LibraryBackEnd\LibraryBackEnd.csproj", "{732A7EF5-B152-4DDC-B1CB-A5EC53E24964}"
EndProject
Global
	GlobalSection(SolutionConfigurationPlatforms) = preSolution
		Debug|Any CPU = Debug|Any CPU
		Release|Any CPU = Release|Any CPU
	EndGlobalSection
	GlobalSection(ProjectConfigurationPlatforms) = postSolution
		{1F51E84D-A99F-45A4-85C3-1D46035BE8B4}.Debug|Any CPU.ActiveCfg = Debug|Any CPU
		{1F51E84D-A99F-45A4-85C3-1D46035BE8B4}.Debug|Any CPU.Build.0 = Debug|Any CPU
		{1F51E84D-A99F-45A4-85C3-1D46035BE8B4}.Debug|Any CPU.Deploy.0 = Debug|Any CPU
		{1F51E84D-A99F-45A4-85C3-1D46035BE8B4}.Release|Any CPU.ActiveCfg = Release|Any CPU
		{1F51E84D-A99F-45A4-85C3-1D46035BE8B4}.Release|Any CPU.Build.0 = Release|Any CPU
		{1F51E84D-A99F-45A4-85C3-1D46035BE8B4}.Release|Any CPU.Deploy.0 = Release|Any CPU
		{732A7EF5-B152-4DDC-B1CB-A5EC53E24964}.Debug|Any CPU.ActiveCfg = Debug|Any CPU
		{732A7EF5-B152-4DDC-B1CB-A5EC53E24964}.Debug|Any CPU.Build.0 = Debug|Any CPU
		{732A7EF5-B152-4DDC-B1CB-A5EC53E24964}.Release|Any CPU.ActiveCfg = Release|Any CPU
		{732A7EF5-B152-4DDC-B1CB-A5EC53E24964}.Release|Any CPU.Build.0 = Release|Any CPU
	EndGlobalSection
	GlobalSection(SolutionProperties) = preSolution
		HideSolutionNode = FALSE
	EndGlobalSection
	GlobalSection(ExtensibilityGlobals) = postSolution
		SolutionGuid = {E013099B-2C29-4ED6-A352-04083B0FDAE9}
	EndGlobalSection
EndGlobal
